
Microsoft Visual Studio Solution File, Format Version 12.00
# Visual Studio Version 16
VisualStudioVersion = 16.0.32002.261
MinimumVisualStudioVersion = 10.0.40219.1
Project("{FAE04EC0-301F-11D3-BF4B-00C04F79EFBC}") = "OpenWeather_Desafio", "OpenWeather_Desafio\OpenWeather_Desafio.csproj", "{2EAAED6A-D468-4A16-8D54-456A7254A0DC}"
EndProject
Global
	GlobalSection(SolutionConfigurationPlatforms) = preSolution
		Debug|Any CPU = Debug|Any CPU
		Release|Any CPU = Release|Any CPU
	EndGlobalSection
	GlobalSection(ProjectConfigurationPlatforms) = postSolution
		{2EAAED6A-D468-4A16-8D54-456A7254A0DC}.Debug|Any CPU.ActiveCfg = Debug|Any CPU
		{2EAAED6A-D468-4A16-8D54-456A7254A0DC}.Debug|Any CPU.Build.0 = Debug|Any CPU
		{2EAAED6A-D468-4A16-8D54-456A7254A0DC}.Release|Any CPU.ActiveCfg = Release|Any CPU
		{2EAAED6A-D468-4A16-8D54-456A7254A0DC}.Release|Any CPU.Build.0 = Release|Any CPU
	EndGlobalSection
	GlobalSection(SolutionProperties) = preSolution
		HideSolutionNode = FALSE
	EndGlobalSection
	GlobalSection(ExtensibilityGlobals) = postSolution
		SolutionGuid = {15A0A4A2-AB53-491F-A44C-3C0F3D6D13C8}
	EndGlobalSection
EndGlobal
